{
  "name": "yt-blockchain",
  "version": "0.0.1",
  "lockfileVersion": 2,
  "requires": true,
  "packages": {
    "": {
      "name": "yt-blockchain",
      "version": "0.0.1",
      "license": "MIT",
      "dependencies": {
        "crypto-js": "^4.1.1",
        "hex2ascii": "^0.0.3"
      }
    },
    "node_modules/crypto-js": {
      "version": "4.1.1",
      "resolved": "https://registry.npmjs.org/crypto-js/-/crypto-js-4.1.1.tgz",
      "integrity": "sha512-o2JlM7ydqd3Qk9CA0L4NL6mTzU2sdx96a+oOfPu8Mkl/PK51vSyoi8/rQ8NknZtk44vq15lmhAj9CIAGwgeWKw=="
    },
    "node_modules/hex2ascii": {
      "version": "0.0.3",
      "resolved": "https://registry.npmjs.org/hex2ascii/-/hex2ascii-0.0.3.tgz",
      "integrity": "sha1-LasIutWjRDDdXMdRJx6sSpDq6Po=",
      "engines": {
        "node": ">=7"
      }
    }
  },
  "dependencies": {
    "crypto-js": {
      "version": "4.1.1",
      "resolved": "https://registry.npmjs.org/crypto-js/-/crypto-js-4.1.1.tgz",
      "integrity": "sha512-o2JlM7ydqd3Qk9CA0L4NL6mTzU2sdx96a+oOfPu8Mkl/PK51vSyoi8/rQ8NknZtk44vq15lmhAj9CIAGwgeWKw=="
    },
    "hex2ascii": {
      "version": "0.0.3",
      "resolved": "https://registry.npmjs.org/hex2ascii/-/hex2ascii-0.0.3.tgz",
      "integrity": "sha1-LasIutWjRDDdXMdRJx6sSpDq6Po="
    }
  }
}
